
Microsoft Visual Studio Solution File, Format Version 12.00
# Visual Studio Version 17
VisualStudioVersion = 17.14.36327.8
MinimumVisualStudioVersion = 10.0.40219.1
Project("{2150E333-8FDC-42A3-9474-1A3956D46DE8}") = "src", "src", "{02EA681E-C7D8-13C7-8484-4AC65E1B71E8}"
EndProject
Project("{2150E333-8FDC-42A3-9474-1A3956D46DE8}") = "api-gateways", "api-gateways", "{D94F0CD3-247C-4BBC-BC4F-6F6A7B47F901}"
EndProject
Project("{2150E333-8FDC-42A3-9474-1A3956D46DE8}") = "building-blocks", "building-blocks", "{2388E30E-8BDF-439C-A7E8-F3A29A2DF245}"
EndProject
Project("{2150E333-8FDC-42A3-9474-1A3956D46DE8}") = "services", "services", "{DB20817F-A83C-494C-96D2-61E38C45D302}"
EndProject
Project("{2150E333-8FDC-42A3-9474-1A3956D46DE8}") = "tests", "tests", "{A427EAF1-2865-4BB2-A519-81B390A79F54}"
EndProject
Project("{2150E333-8FDC-42A3-9474-1A3956D46DE8}") = "Catalog", "Catalog", "{54F4F6B1-207E-411B-8211-97D535A73430}"
EndProject
Project("{FAE04EC0-301F-11D3-BF4B-00C04F79EFBC}") = "Catalog", "src\service\Catalog\Catalog.csproj", "{5224BD63-3485-4D44-EC35-8CDE9872C3A4}"
EndProject
Global
	GlobalSection(SolutionConfigurationPlatforms) = preSolution
		Debug|Any CPU = Debug|Any CPU
		Release|Any CPU = Release|Any CPU
	EndGlobalSection
	GlobalSection(ProjectConfigurationPlatforms) = postSolution
		{5224BD63-3485-4D44-EC35-8CDE9872C3A4}.Debug|Any CPU.ActiveCfg = Debug|Any CPU
		{5224BD63-3485-4D44-EC35-8CDE9872C3A4}.Debug|Any CPU.Build.0 = Debug|Any CPU
		{5224BD63-3485-4D44-EC35-8CDE9872C3A4}.Release|Any CPU.ActiveCfg = Release|Any CPU
		{5224BD63-3485-4D44-EC35-8CDE9872C3A4}.Release|Any CPU.Build.0 = Release|Any CPU
	EndGlobalSection
	GlobalSection(SolutionProperties) = preSolution
		HideSolutionNode = FALSE
	EndGlobalSection
	GlobalSection(NestedProjects) = preSolution
		{D94F0CD3-247C-4BBC-BC4F-6F6A7B47F901} = {02EA681E-C7D8-13C7-8484-4AC65E1B71E8}
		{2388E30E-8BDF-439C-A7E8-F3A29A2DF245} = {02EA681E-C7D8-13C7-8484-4AC65E1B71E8}
		{DB20817F-A83C-494C-96D2-61E38C45D302} = {02EA681E-C7D8-13C7-8484-4AC65E1B71E8}
		{54F4F6B1-207E-411B-8211-97D535A73430} = {DB20817F-A83C-494C-96D2-61E38C45D302}
		{5224BD63-3485-4D44-EC35-8CDE9872C3A4} = {54F4F6B1-207E-411B-8211-97D535A73430}
	EndGlobalSection
	GlobalSection(ExtensibilityGlobals) = postSolution
		SolutionGuid = {C83F7829-32AF-4459-B550-BA3C8936FAD9}
	EndGlobalSection
EndGlobal
